
Microsoft Visual Studio Solution File, Format Version 12.00
# Visual Studio Version 17
VisualStudioVersion = 17.2.32519.379
MinimumVisualStudioVersion = 10.0.40219.1
Project("{FAE04EC0-301F-11D3-BF4B-00C04F79EFBC}") = "Chess", "ChessGame\Chess.csproj", "{662CAD5D-4B04-4279-995B-9D1DF3E333F1}"
EndProject
Project("{FAE04EC0-301F-11D3-BF4B-00C04F79EFBC}") = "UnitTests", "UnitTests\UnitTests.csproj", "{A775A437-F802-44C0-8F9F-4A6D768855DC}"
EndProject
Global
	GlobalSection(SolutionConfigurationPlatforms) = preSolution
		Debug|Any CPU = Debug|Any CPU
		Release|Any CPU = Release|Any CPU
	EndGlobalSection
	GlobalSection(ProjectConfigurationPlatforms) = postSolution
		{662CAD5D-4B04-4279-995B-9D1DF3E333F1}.Debug|Any CPU.ActiveCfg = Debug|Any CPU
		{662CAD5D-4B04-4279-995B-9D1DF3E333F1}.Debug|Any CPU.Build.0 = Debug|Any CPU
		{662CAD5D-4B04-4279-995B-9D1DF3E333F1}.Release|Any CPU.ActiveCfg = Release|Any CPU
		{662CAD5D-4B04-4279-995B-9D1DF3E333F1}.Release|Any CPU.Build.0 = Release|Any CPU
		{A775A437-F802-44C0-8F9F-4A6D768855DC}.Debug|Any CPU.ActiveCfg = Debug|Any CPU
		{A775A437-F802-44C0-8F9F-4A6D768855DC}.Debug|Any CPU.Build.0 = Debug|Any CPU
		{A775A437-F802-44C0-8F9F-4A6D768855DC}.Release|Any CPU.ActiveCfg = Release|Any CPU
		{A775A437-F802-44C0-8F9F-4A6D768855DC}.Release|Any CPU.Build.0 = Release|Any CPU
	EndGlobalSection
	GlobalSection(SolutionProperties) = preSolution
		HideSolutionNode = FALSE
	EndGlobalSection
	GlobalSection(ExtensibilityGlobals) = postSolution
		SolutionGuid = {D542CE20-7052-43C0-B724-DCDF7363C160}
	EndGlobalSection
EndGlobal
